{
  "version": "5",
  "specifiers": {
    "jsr:@drashland/drash@*": "3.0.2",
    "npm:@modelcontextprotocol/server@2": "2.0.0",
    "npm:zod@4": "4.6.2"
  },
  "jsr": {
    "@drashland/drash@3.0.2": {
      "integrity": "4cd1ef510b448705881dd87c2a93dfd002e99559d0e894e943c4c939132a0d64"
    }
  },
  "npm": {
    "@modelcontextprotocol/core@2.0.0": {
      "integrity": "sha512-pJCEwGG7Lfr/+PQp9ZTwKXNeO5wzbfKL7H3MYpCorM4oFBoQrdjnBgEoqG+RjhsvS1FKrDbKux+M1HhlnGWqcA==",
      "dependencies": [
        "zod"
      ]
    },
    "@modelcontextprotocol/server@2.0.0": {
      "integrity": "sha512-YhHWdHfpFMQfd0prsEnxKeS3Qz3ytIGmsS0sth4KDjnacIT7hxk6hXHkJ9KysxlkvTM+WZAtQbbcUhdoP4Hvtw==",
      "dependencies": [
        "@modelcontextprotocol/core",
        "zod"
      ]
    },
    "zod@4.6.2": {
      "integrity": "sha512-lh5RCAGFa1Cm2hjtNwLQhSs/AsqdWnTQaBER9fEwN/88pSh7KOtJavtBx/0VlkN/uFd61SwYmljLMDAsHlvzBQ=="
    }
  }
}
