{
  "version": "5",
  "specifiers": {
    "jsr:@drashland/drash@*": "3.0.2",
    "jsr:@std/assert@1": "1.0.19",
    "jsr:@std/internal@^1.0.12": "1.0.14",
    "npm:@anthropic-ai/sdk@*": "0.125.0_zod@4.6.2",
    "npm:@drashland/drash@^3.0.2": "3.0.2",
    "npm:@modelcontextprotocol/server@2": "2.0.0",
    "npm:openai@*": "7.23.0_zod@4.6.2",
    "npm:zod@4": "4.6.2"
  },
  "jsr": {
    "@drashland/drash@3.0.2": {
      "integrity": "4cd1ef510b448705881dd87c2a93dfd002e99559d0e894e943c4c939132a0d64"
    },
    "@std/assert@1.0.19": {
      "integrity": "eaada96ee120cb980bc47e040f82814d786fe8162ecc53c91d8df60b8755991e",
      "dependencies": [
        "jsr:@std/internal"
      ]
    },
    "@std/internal@1.0.14": {
      "integrity": "291516b3d4c35024d6ffbc0a9df5bf4c64116e05b50012cf846710152d2ffdf7"
    }
  },
  "npm": {
    "@anthropic-ai/sdk@0.125.0_zod@4.6.2": {
      "integrity": "sha512-Hq5wYlXupzJ9M1Fzqjqa3hObcuigEXVZJqSYDgeZGM3wF4qrNERM5Z1OOAeoT9rlod8awJ3uYyJjbQXp1ckIGg==",
      "dependencies": [
        "json-schema-to-ts",
        "standardwebhooks",
        "zod"
      ],
      "optionalPeers": [
        "zod"
      ],
      "bin": true
    },
    "@babel/runtime@7.29.7": {
      "integrity": "sha512-Nq8OhGWiZIZGV6hLHoyAKLLcJihP/xFeBMGJoUrxTX2psI8dCifzLhZISFb+VWS3wFMRDmCGw5R+dOySCqPLhw=="
    },
    "@drashland/drash@3.0.2": {
      "integrity": "sha512-iSvMjtzQaVduZiNKqgmZQYwX+mFxwrqczAoHUXpj2OJCFsrJcCr8jHJfeiyoTXT0qnBhkIX6cVHXi1seLO3/uw=="
    },
    "@modelcontextprotocol/core@2.0.0": {
      "integrity": "sha512-pJCEwGG7Lfr/+PQp9ZTwKXNeO5wzbfKL7H3MYpCorM4oFBoQrdjnBgEoqG+RjhsvS1FKrDbKux+M1HhlnGWqcA==",
      "dependencies": [
        "zod"
      ]
    },
    "@modelcontextprotocol/server@2.0.0": {
      "integrity": "sha512-YhHWdHfpFMQfd0prsEnxKeS3Qz3ytIGmsS0sth4KDjnacIT7hxk6hXHkJ9KysxlkvTM+WZAtQbbcUhdoP4Hvtw==",
      "dependencies": [
        "@modelcontextprotocol/core",
        "zod"
      ]
    },
    "@stablelib/base64@1.0.1": {
      "integrity": "sha512-1bnPQqSxSuc3Ii6MhBysoWCg58j97aUjuCSZrGSmDxNqtytIi0k8utUenAwTZN4V5mXXYGsVUI9zeBqy+jBOSQ=="
    },
    "fast-sha256@1.3.0": {
      "integrity": "sha512-n11RGP/lrWEFI/bWdygLxhI+pVeo1ZYIVwvvPkW7azl/rOy+F3HYRZ2K5zeE9mmkhQppyv9sQFx0JM9UabnpPQ=="
    },
    "json-schema-to-ts@3.1.1": {
      "integrity": "sha512-+DWg8jCJG2TEnpy7kOm/7/AxaYoaRbjVB4LFZLySZlWn8exGs3A4OLJR966cVvU26N7X9TWxl+Jsw7dzAqKT6g==",
      "dependencies": [
        "@babel/runtime",
        "ts-algebra"
      ]
    },
    "openai@7.23.0_zod@4.6.2": {
      "integrity": "sha512-0ecOXnFSMNWZq6cUBcTV6Lf93y+fm8BH/+QzFvpoP1UGNOE5pnytRa6HAPGCw+3IS9SIAW7rc1M8yyzN1PiBAQ==",
      "dependencies": [
        "zod"
      ],
      "optionalPeers": [
        "zod"
      ]
    },
    "standardwebhooks@1.1.1": {
      "integrity": "sha512-bCbX9ZEyFkWPsRz7Bl3NuQUJohmwGSev/yhr7vhaGPlc4AfIrspIRa6cPTBuI1ItmrTDJ4d/S2hCsfe4+vQGnQ==",
      "dependencies": [
        "@stablelib/base64",
        "fast-sha256"
      ]
    },
    "ts-algebra@2.0.0": {
      "integrity": "sha512-FPAhNPFMrkwz76P7cdjdmiShwMynZYN6SgOujD1urY4oNm80Ou9oMdmbR45LotcKOXoy7wSmHkRFE6Mxbrhefw=="
    },
    "zod@4.6.2": {
      "integrity": "sha512-lh5RCAGFa1Cm2hjtNwLQhSs/AsqdWnTQaBER9fEwN/88pSh7KOtJavtBx/0VlkN/uFd61SwYmljLMDAsHlvzBQ=="
    }
  },
  "workspace": {
    "dependencies": [
      "jsr:@std/assert@1",
      "npm:@drashland/drash@^3.0.2"
    ]
  }
}
